
Microsoft Visual Studio Solution File, Format Version 12.00
Project("{FAE04EC0-301F-11D3-BF4B-00C04F79EFBC}") = "Avalonia.NETCoreApp1", "Avalonia.NETCoreApp1\Avalonia.NETCoreApp1.csproj", "{A13BF3EA-6E04-4EE0-80C4-B0BA26B1E56D}"
EndProject
Global
	GlobalSection(SolutionConfigurationPlatforms) = preSolution
		Debug|Any CPU = Debug|Any CPU
		Release|Any CPU = Release|Any CPU
	EndGlobalSection
	GlobalSection(ProjectConfigurationPlatforms) = postSolution
		{A13BF3EA-6E04-4EE0-80C4-B0BA26B1E56D}.Debug|Any CPU.ActiveCfg = Debug|Any CPU
		{A13BF3EA-6E04-4EE0-80C4-B0BA26B1E56D}.Debug|Any CPU.Build.0 = Debug|Any CPU
		{A13BF3EA-6E04-4EE0-80C4-B0BA26B1E56D}.Release|Any CPU.ActiveCfg = Release|Any CPU
		{A13BF3EA-6E04-4EE0-80C4-B0BA26B1E56D}.Release|Any CPU.Build.0 = Release|Any CPU
	EndGlobalSection
EndGlobal
